
Microsoft Visual Studio Solution File, Format Version 12.00
# Visual Studio Version 16
VisualStudioVersion = 16.0.29709.97
MinimumVisualStudioVersion = 10.0.40219.1
Project("{9A19103F-16F7-4668-BE54-9A1E7A4F7556}") = "SimpleTcp", "SimpleTcp\SimpleTcp.csproj", "{E8130B7F-ACA9-4A90-B257-171DE7430D59}"
EndProject
Project("{2150E333-8FDC-42A3-9474-1A3956D46DE8}") = "Examples", "Examples", "{D3E80A16-9502-4348-B1F1-B1F190388AC4}"
EndProject
Project("{FAE04EC0-301F-11D3-BF4B-00C04F79EFBC}") = "EchoServer", "Examples\EchoServer\EchoServer.csproj", "{38FAEFC3-5D26-4173-9C61-56B7898D63E4}"
EndProject
Project("{FAE04EC0-301F-11D3-BF4B-00C04F79EFBC}") = "EchoClient", "Examples\EchoClient\EchoClient.csproj", "{F6913AAE-9C83-46ED-BA8C-E0B74607A133}"
EndProject
Project("{FAE04EC0-301F-11D3-BF4B-00C04F79EFBC}") = "PacketEchoServer", "Examples\PacketEchoServer\PacketEchoServer.csproj", "{CD024D7D-9009-458C-850C-A205CE38D333}"
EndProject
Project("{FAE04EC0-301F-11D3-BF4B-00C04F79EFBC}") = "PacketEchoClient", "Examples\PacketEchoClient\PacketEchoClient.csproj", "{92E34B03-9E20-425A-916C-C9E3468337E0}"
EndProject
Project("{2150E333-8FDC-42A3-9474-1A3956D46DE8}") = "Tests", "Tests", "{22A823CF-D395-453B-A646-8FBA40885188}"
EndProject
Project("{FAE04EC0-301F-11D3-BF4B-00C04F79EFBC}") = "UnitTestProject", "Tests\UnitTestProject\UnitTestProject.csproj", "{B546AE60-F96C-48CD-830B-7FA3ABAE300A}"
EndProject
Global
	GlobalSection(SolutionConfigurationPlatforms) = preSolution
		Debug|Any CPU = Debug|Any CPU
		Release|Any CPU = Release|Any CPU
	EndGlobalSection
	GlobalSection(ProjectConfigurationPlatforms) = postSolution
		{E8130B7F-ACA9-4A90-B257-171DE7430D59}.Debug|Any CPU.ActiveCfg = Debug|Any CPU
		{E8130B7F-ACA9-4A90-B257-171DE7430D59}.Debug|Any CPU.Build.0 = Debug|Any CPU
		{E8130B7F-ACA9-4A90-B257-171DE7430D59}.Release|Any CPU.ActiveCfg = Release|Any CPU
		{E8130B7F-ACA9-4A90-B257-171DE7430D59}.Release|Any CPU.Build.0 = Release|Any CPU
		{38FAEFC3-5D26-4173-9C61-56B7898D63E4}.Debug|Any CPU.ActiveCfg = Debug|Any CPU
		{38FAEFC3-5D26-4173-9C61-56B7898D63E4}.Debug|Any CPU.Build.0 = Debug|Any CPU
		{38FAEFC3-5D26-4173-9C61-56B7898D63E4}.Release|Any CPU.ActiveCfg = Release|Any CPU
		{38FAEFC3-5D26-4173-9C61-56B7898D63E4}.Release|Any CPU.Build.0 = Release|Any CPU
		{F6913AAE-9C83-46ED-BA8C-E0B74607A133}.Debug|Any CPU.ActiveCfg = Debug|Any CPU
		{F6913AAE-9C83-46ED-BA8C-E0B74607A133}.Debug|Any CPU.Build.0 = Debug|Any CPU
		{F6913AAE-9C83-46ED-BA8C-E0B74607A133}.Release|Any CPU.ActiveCfg = Release|Any CPU
		{F6913AAE-9C83-46ED-BA8C-E0B74607A133}.Release|Any CPU.Build.0 = Release|Any CPU
		{CD024D7D-9009-458C-850C-A205CE38D333}.Debug|Any CPU.ActiveCfg = Debug|Any CPU
		{CD024D7D-9009-458C-850C-A205CE38D333}.Debug|Any CPU.Build.0 = Debug|Any CPU
		{CD024D7D-9009-458C-850C-A205CE38D333}.Release|Any CPU.ActiveCfg = Release|Any CPU
		{CD024D7D-9009-458C-850C-A205CE38D333}.Release|Any CPU.Build.0 = Release|Any CPU
		{92E34B03-9E20-425A-916C-C9E3468337E0}.Debug|Any CPU.ActiveCfg = Debug|Any CPU
		{92E34B03-9E20-425A-916C-C9E3468337E0}.Debug|Any CPU.Build.0 = Debug|Any CPU
		{92E34B03-9E20-425A-916C-C9E3468337E0}.Release|Any CPU.ActiveCfg = Release|Any CPU
		{92E34B03-9E20-425A-916C-C9E3468337E0}.Release|Any CPU.Build.0 = Release|Any CPU
		{B546AE60-F96C-48CD-830B-7FA3ABAE300A}.Debug|Any CPU.ActiveCfg = Debug|Any CPU
		{B546AE60-F96C-48CD-830B-7FA3ABAE300A}.Debug|Any CPU.Build.0 = Debug|Any CPU
		{B546AE60-F96C-48CD-830B-7FA3ABAE300A}.Release|Any CPU.ActiveCfg = Release|Any CPU
		{B546AE60-F96C-48CD-830B-7FA3ABAE300A}.Release|Any CPU.Build.0 = Release|Any CPU
	EndGlobalSection
	GlobalSection(SolutionProperties) = preSolution
		HideSolutionNode = FALSE
	EndGlobalSection
	GlobalSection(NestedProjects) = preSolution
		{38FAEFC3-5D26-4173-9C61-56B7898D63E4} = {D3E80A16-9502-4348-B1F1-B1F190388AC4}
		{F6913AAE-9C83-46ED-BA8C-E0B74607A133} = {D3E80A16-9502-4348-B1F1-B1F190388AC4}
		{CD024D7D-9009-458C-850C-A205CE38D333} = {D3E80A16-9502-4348-B1F1-B1F190388AC4}
		{92E34B03-9E20-425A-916C-C9E3468337E0} = {D3E80A16-9502-4348-B1F1-B1F190388AC4}
		{B546AE60-F96C-48CD-830B-7FA3ABAE300A} = {22A823CF-D395-453B-A646-8FBA40885188}
	EndGlobalSection
	GlobalSection(ExtensibilityGlobals) = postSolution
		SolutionGuid = {3E340232-D529-458C-B240-18243C606C5B}
	EndGlobalSection
EndGlobal
